
Microsoft Visual Studio Solution File, Format Version 12.00
# Visual Studio 15
VisualStudioVersion = 15.0.28307.438
MinimumVisualStudioVersion = 10.0.40219.1
Project("{FAE04EC0-301F-11D3-BF4B-00C04F79EFBC}") = "partnertar", "partnertar\partnertar.csproj", "{74F89C0A-9189-46F5-996D-D900E5444C3E}"
EndProject
Project("{FAE04EC0-301F-11D3-BF4B-00C04F79EFBC}") = "partnertarServer", "partnertarServer\partnertarServer.csproj", "{1A66FBC9-E9E6-415E-A3F8-6976CF1C2B81}"
EndProject
Global
	GlobalSection(SolutionConfigurationPlatforms) = preSolution
		Debug|Any CPU = Debug|Any CPU
		Release|Any CPU = Release|Any CPU
	EndGlobalSection
	GlobalSection(ProjectConfigurationPlatforms) = postSolution
		{74F89C0A-9189-46F5-996D-D900E5444C3E}.Debug|Any CPU.ActiveCfg = Debug|Any CPU
		{74F89C0A-9189-46F5-996D-D900E5444C3E}.Debug|Any CPU.Build.0 = Debug|Any CPU
		{74F89C0A-9189-46F5-996D-D900E5444C3E}.Release|Any CPU.ActiveCfg = Release|Any CPU
		{74F89C0A-9189-46F5-996D-D900E5444C3E}.Release|Any CPU.Build.0 = Release|Any CPU
		{1A66FBC9-E9E6-415E-A3F8-6976CF1C2B81}.Debug|Any CPU.ActiveCfg = Debug|Any CPU
		{1A66FBC9-E9E6-415E-A3F8-6976CF1C2B81}.Debug|Any CPU.Build.0 = Debug|Any CPU
		{1A66FBC9-E9E6-415E-A3F8-6976CF1C2B81}.Release|Any CPU.ActiveCfg = Release|Any CPU
		{1A66FBC9-E9E6-415E-A3F8-6976CF1C2B81}.Release|Any CPU.Build.0 = Release|Any CPU
	EndGlobalSection
	GlobalSection(SolutionProperties) = preSolution
		HideSolutionNode = FALSE
	EndGlobalSection
	GlobalSection(ExtensibilityGlobals) = postSolution
		SolutionGuid = {DD2882A5-78A5-44E2-AEA7-37F3D5B6FC49}
	EndGlobalSection
EndGlobal
